
Microsoft Visual Studio Solution File, Format Version 12.00
# Visual Studio 15
VisualStudioVersion = 15.0.28010.2041
MinimumVisualStudioVersion = 10.0.40219.1
Project("{FAE04EC0-301F-11D3-BF4B-00C04F79EFBC}") = "InstaPix", "InstaPix\InstaPix\InstaPix.csproj", "{8E093975-DE1B-41ED-9F05-DD7992577462}"
EndProject
Project("{FAE04EC0-301F-11D3-BF4B-00C04F79EFBC}") = "InstaPix.Android", "InstaPix\InstaPix.Android\InstaPix.Android.csproj", "{2933DE81-B81F-4A27-93B1-27AF7CB65396}"
EndProject
Project("{FAE04EC0-301F-11D3-BF4B-00C04F79EFBC}") = "InstaPix.iOS", "InstaPix\InstaPix.iOS\InstaPix.iOS.csproj", "{1DAAA4F2-9688-4183-855D-51A648FC586E}"
EndProject
Global
	GlobalSection(SolutionConfigurationPlatforms) = preSolution
		Ad-Hoc|Any CPU = Ad-Hoc|Any CPU
		Ad-Hoc|iPhone = Ad-Hoc|iPhone
		Ad-Hoc|iPhoneSimulator = Ad-Hoc|iPhoneSimulator
		AppStore|Any CPU = AppStore|Any CPU
		AppStore|iPhone = AppStore|iPhone
		AppStore|iPhoneSimulator = AppStore|iPhoneSimulator
		Debug|Any CPU = Debug|Any CPU
		Debug|iPhone = Debug|iPhone
		Debug|iPhoneSimulator = Debug|iPhoneSimulator
		Release|Any CPU = Release|Any CPU
		Release|iPhone = Release|iPhone
		Release|iPhoneSimulator = Release|iPhoneSimulator
	EndGlobalSection
	GlobalSection(ProjectConfigurationPlatforms) = postSolution
		{8E093975-DE1B-41ED-9F05-DD7992577462}.Ad-Hoc|Any CPU.ActiveCfg = Debug|Any CPU
		{8E093975-DE1B-41ED-9F05-DD7992577462}.Ad-Hoc|Any CPU.Build.0 = Debug|Any CPU
		{8E093975-DE1B-41ED-9F05-DD7992577462}.Ad-Hoc|iPhone.ActiveCfg = Debug|Any CPU
		{8E093975-DE1B-41ED-9F05-DD7992577462}.Ad-Hoc|iPhone.Build.0 = Debug|Any CPU
		{8E093975-DE1B-41ED-9F05-DD7992577462}.Ad-Hoc|iPhoneSimulator.ActiveCfg = Debug|Any CPU
		{8E093975-DE1B-41ED-9F05-DD7992577462}.Ad-Hoc|iPhoneSimulator.Build.0 = Debug|Any CPU
		{8E093975-DE1B-41ED-9F05-DD7992577462}.AppStore|Any CPU.ActiveCfg = Debug|Any CPU
		{8E093975-DE1B-41ED-9F05-DD7992577462}.AppStore|Any CPU.Build.0 = Debug|Any CPU
		{8E093975-DE1B-41ED-9F05-DD7992577462}.AppStore|iPhone.ActiveCfg = Debug|Any CPU
		{8E093975-DE1B-41ED-9F05-DD7992577462}.AppStore|iPhone.Build.0 = Debug|Any CPU
		{8E093975-DE1B-41ED-9F05-DD7992577462}.AppStore|iPhoneSimulator.ActiveCfg = Debug|Any CPU
		{8E093975-DE1B-41ED-9F05-DD7992577462}.AppStore|iPhoneSimulator.Build.0 = Debug|Any CPU
		{8E093975-DE1B-41ED-9F05-DD7992577462}.Debug|Any CPU.ActiveCfg = Debug|Any CPU
		{8E093975-DE1B-41ED-9F05-DD7992577462}.Debug|Any CPU.Build.0 = Debug|Any CPU
		{8E093975-DE1B-41ED-9F05-DD7992577462}.Debug|iPhone.ActiveCfg = Debug|Any CPU
		{8E093975-DE1B-41ED-9F05-DD7992577462}.Debug|iPhone.Build.0 = Debug|Any CPU
		{8E093975-DE1B-41ED-9F05-DD7992577462}.Debug|iPhoneSimulator.ActiveCfg = Debug|Any CPU
		{8E093975-DE1B-41ED-9F05-DD7992577462}.Debug|iPhoneSimulator.Build.0 = Debug|Any CPU
		{8E093975-DE1B-41ED-9F05-DD7992577462}.Release|Any CPU.ActiveCfg = Release|Any CPU
		{8E093975-DE1B-41ED-9F05-DD7992577462}.Release|Any CPU.Build.0 = Release|Any CPU
		{8E093975-DE1B-41ED-9F05-DD7992577462}.Release|iPhone.ActiveCfg = Release|Any CPU
		{8E093975-DE1B-41ED-9F05-DD7992577462}.Release|iPhone.Build.0 = Release|Any CPU
		{8E093975-DE1B-41ED-9F05-DD7992577462}.Release|iPhoneSimulator.ActiveCfg = Release|Any CPU
		{8E093975-DE1B-41ED-9F05-DD7992577462}.Release|iPhoneSimulator.Build.0 = Release|Any CPU
		{2933DE81-B81F-4A27-93B1-27AF7CB65396}.Ad-Hoc|Any CPU.ActiveCfg = Release|Any CPU
		{2933DE81-B81F-4A27-93B1-27AF7CB65396}.Ad-Hoc|Any CPU.Build.0 = Release|Any CPU
		{2933DE81-B81F-4A27-93B1-27AF7CB65396}.Ad-Hoc|Any CPU.Deploy.0 = Release|Any CPU
		{2933DE81-B81F-4A27-93B1-27AF7CB65396}.Ad-Hoc|iPhone.ActiveCfg = Release|Any CPU
		{2933DE81-B81F-4A27-93B1-27AF7CB65396}.Ad-Hoc|iPhone.Build.0 = Release|Any CPU
		{2933DE81-B81F-4A27-93B1-27AF7CB65396}.Ad-Hoc|iPhone.Deploy.0 = Release|Any CPU
		{2933DE81-B81F-4A27-93B1-27AF7CB65396}.Ad-Hoc|iPhoneSimulator.ActiveCfg = Release|Any CPU
		{2933DE81-B81F-4A27-93B1-27AF7CB65396}.Ad-Hoc|iPhoneSimulator.Build.0 = Release|Any CPU
		{2933DE81-B81F-4A27-93B1-27AF7CB65396}.Ad-Hoc|iPhoneSimulator.Deploy.0 = Release|Any CPU
		{2933DE81-B81F-4A27-93B1-27AF7CB65396}.AppStore|Any CPU.ActiveCfg = Release|Any CPU
		{2933DE81-B81F-4A27-93B1-27AF7CB65396}.AppStore|Any CPU.Build.0 = Release|Any CPU
		{2933DE81-B81F-4A27-93B1-27AF7CB65396}.AppStore|Any CPU.Deploy.0 = Release|Any CPU
		{2933DE81-B81F-4A27-93B1-27AF7CB65396}.AppStore|iPhone.ActiveCfg = Release|Any CPU
		{2933DE81-B81F-4A27-93B1-27AF7CB65396}.AppStore|iPhone.Build.0 = Release|Any CPU
		{2933DE81-B81F-4A27-93B1-27AF7CB65396}.AppStore|iPhone.Deploy.0 = Release|Any CPU
		{2933DE81-B81F-4A27-93B1-27AF7CB65396}.AppStore|iPhoneSimulator.ActiveCfg = Release|Any CPU
		{2933DE81-B81F-4A27-93B1-27AF7CB65396}.AppStore|iPhoneSimulator.Build.0 = Release|Any CPU
		{2933DE81-B81F-4A27-93B1-27AF7CB65396}.AppStore|iPhoneSimulator.Deploy.0 = Release|Any CPU
		{2933DE81-B81F-4A27-93B1-27AF7CB65396}.Debug|Any CPU.ActiveCfg = Debug|Any CPU
		{2933DE81-B81F-4A27-93B1-27AF7CB65396}.Debug|Any CPU.Build.0 = Debug|Any CPU
		{2933DE81-B81F-4A27-93B1-27AF7CB65396}.Debug|Any CPU.Deploy.0 = Debug|Any CPU
		{2933DE81-B81F-4A27-93B1-27AF7CB65396}.Debug|iPhone.ActiveCfg = Debug|Any CPU
		{2933DE81-B81F-4A27-93B1-27AF7CB65396}.Debug|iPhone.Build.0 = Debug|Any CPU
		{2933DE81-B81F-4A27-93B1-27AF7CB65396}.Debug|iPhone.Deploy.0 = Debug|Any CPU
		{2933DE81-B81F-4A27-93B1-27AF7CB65396}.Debug|iPhoneSimulator.ActiveCfg = Debug|Any CPU
		{2933DE81-B81F-4A27-93B1-27AF7CB65396}.Debug|iPhoneSimulator.Build.0 = Debug|Any CPU
		{2933DE81-B81F-4A27-93B1-27AF7CB65396}.Debug|iPhoneSimulator.Deploy.0 = Debug|Any CPU
		{2933DE81-B81F-4A27-93B1-27AF7CB65396}.Release|Any CPU.ActiveCfg = Release|Any CPU
		{2933DE81-B81F-4A27-93B1-27AF7CB65396}.Release|Any CPU.Build.0 = Release|Any CPU
		{2933DE81-B81F-4A27-93B1-27AF7CB65396}.Release|Any CPU.Deploy.0 = Release|Any CPU
		{2933DE81-B81F-4A27-93B1-27AF7CB65396}.Release|iPhone.ActiveCfg = Release|Any CPU
		{2933DE81-B81F-4A27-93B1-27AF7CB65396}.Release|iPhone.Build.0 = Release|Any CPU
		{2933DE81-B81F-4A27-93B1-27AF7CB65396}.Release|iPhone.Deploy.0 = Release|Any CPU
		{2933DE81-B81F-4A27-93B1-27AF7CB65396}.Release|iPhoneSimulator.ActiveCfg = Release|Any CPU
		{2933DE81-B81F-4A27-93B1-27AF7CB65396}.Release|iPhoneSimulator.Build.0 = Release|Any CPU
		{2933DE81-B81F-4A27-93B1-27AF7CB65396}.Release|iPhoneSimulator.Deploy.0 = Release|Any CPU
		{1DAAA4F2-9688-4183-855D-51A648FC586E}.Ad-Hoc|Any CPU.ActiveCfg = Ad-Hoc|iPhone
		{1DAAA4F2-9688-4183-855D-51A648FC586E}.Ad-Hoc|iPhone.ActiveCfg = Ad-Hoc|iPhone
		{1DAAA4F2-9688-4183-855D-51A648FC586E}.Ad-Hoc|iPhone.Build.0 = Ad-Hoc|iPhone
		{1DAAA4F2-9688-4183-855D-51A648FC586E}.Ad-Hoc|iPhoneSimulator.ActiveCfg = Ad-Hoc|iPhoneSimulator
		{1DAAA4F2-9688-4183-855D-51A648FC586E}.Ad-Hoc|iPhoneSimulator.Build.0 = Ad-Hoc|iPhoneSimulator
		{1DAAA4F2-9688-4183-855D-51A648FC586E}.AppStore|Any CPU.ActiveCfg = AppStore|iPhone
		{1DAAA4F2-9688-4183-855D-51A648FC586E}.AppStore|iPhone.ActiveCfg = AppStore|iPhone
		{1DAAA4F2-9688-4183-855D-51A648FC586E}.AppStore|iPhone.Build.0 = AppStore|iPhone
		{1DAAA4F2-9688-4183-855D-51A648FC586E}.AppStore|iPhoneSimulator.ActiveCfg = AppStore|iPhoneSimulator
		{1DAAA4F2-9688-4183-855D-51A648FC586E}.AppStore|iPhoneSimulator.Build.0 = AppStore|iPhoneSimulator
		{1DAAA4F2-9688-4183-855D-51A648FC586E}.Debug|Any CPU.ActiveCfg = Debug|iPhone
		{1DAAA4F2-9688-4183-855D-51A648FC586E}.Debug|iPhone.ActiveCfg = Debug|iPhone
		{1DAAA4F2-9688-4183-855D-51A648FC586E}.Debug|iPhone.Build.0 = Debug|iPhone
		{1DAAA4F2-9688-4183-855D-51A648FC586E}.Debug|iPhoneSimulator.ActiveCfg = Debug|iPhoneSimulator
		{1DAAA4F2-9688-4183-855D-51A648FC586E}.Debug|iPhoneSimulator.Build.0 = Debug|iPhoneSimulator
		{1DAAA4F2-9688-4183-855D-51A648FC586E}.Release|Any CPU.ActiveCfg = Release|iPhone
		{1DAAA4F2-9688-4183-855D-51A648FC586E}.Release|iPhone.ActiveCfg = Release|iPhone
		{1DAAA4F2-9688-4183-855D-51A648FC586E}.Release|iPhone.Build.0 = Release|iPhone
		{1DAAA4F2-9688-4183-855D-51A648FC586E}.Release|iPhoneSimulator.ActiveCfg = Release|iPhoneSimulator
		{1DAAA4F2-9688-4183-855D-51A648FC586E}.Release|iPhoneSimulator.Build.0 = Release|iPhoneSimulator
	EndGlobalSection
	GlobalSection(SolutionProperties) = preSolution
		HideSolutionNode = FALSE
	EndGlobalSection
	GlobalSection(ExtensibilityGlobals) = postSolution
		SolutionGuid = {538AA899-3FF8-46C0-B9D1-2BB1E617EEFE}
	EndGlobalSection
EndGlobal
